// !$*UTF8*$!
{
	archiveVersion = 1;
	classes = {
	};
	objectVersion = 46;
	objects = {

/* Begin PBXBuildFile section */
		4650D17A1AF0331000602E94 /* Lava.swift in Sources */ = {isa = PBXBuildFile; fileRef = 4650D1621AF0331000602E94 /* Lava.swift */; };
		4650D17B1AF0331000602E94 /* Lava.swift in Sources */ = {isa = PBXBuildFile; fileRef = 4650D1621AF0331000602E94 /* Lava.swift */; };
		4650D17C1AF0331000602E94 /* Map.swift in Sources */ = {isa = PBXBuildFile; fileRef = 4650D1651AF0331000602E94 /* Map.swift */; };
		4650D17D1AF0331000602E94 /* Map.swift in Sources */ = {isa = PBXBuildFile; fileRef = 4650D1651AF0331000602E94 /* Map.swift */; };
		4650D1921AF0331000602E94 /* Watersheds.swift in Sources */ = {isa = PBXBuildFile; fileRef = 4650D1711AF0331000602E94 /* Watersheds.swift */; };
		4650D1931AF0331000602E94 /* Watersheds.swift in Sources */ = {isa = PBXBuildFile; fileRef = 4650D1711AF0331000602E94 /* Watersheds.swift */; };
		4650D19F1AF033CC00602E94 /* QHull.framework in Frameworks */ = {isa = PBXBuildFile; fileRef = 4650D19A1AF033B900602E94 /* QHull.framework */; };
		4650D1A01AF033D100602E94 /* QHull.framework in Embed Frameworks */ = {isa = PBXBuildFile; fileRef = 4650D19A1AF033B900602E94 /* QHull.framework */; settings = {ATTRIBUTES = (CodeSignOnCopy, RemoveHeadersOnCopy, ); }; };
		4650D1A81AF0348200602E94 /* PerlinNoise.m in Sources */ = {isa = PBXBuildFile; fileRef = 4650D1A71AF0348200602E94 /* PerlinNoise.m */; };
		4650D1A91AF0348200602E94 /* PerlinNoise.m in Sources */ = {isa = PBXBuildFile; fileRef = 4650D1A71AF0348200602E94 /* PerlinNoise.m */; };
		4650D1AF1AF034B600602E94 /* Vector3.swift in Sources */ = {isa = PBXBuildFile; fileRef = 4650D1AB1AF034B600602E94 /* Vector3.swift */; };
		4650D1B01AF034B600602E94 /* Vector3.swift in Sources */ = {isa = PBXBuildFile; fileRef = 4650D1AB1AF034B600602E94 /* Vector3.swift */; };
		4650D1B11AF034B600602E94 /* Vertex.swift in Sources */ = {isa = PBXBuildFile; fileRef = 4650D1AC1AF034B600602E94 /* Vertex.swift */; };
		4650D1B21AF034B600602E94 /* Vertex.swift in Sources */ = {isa = PBXBuildFile; fileRef = 4650D1AC1AF034B600602E94 /* Vertex.swift */; };
		4650D1B31AF034B600602E94 /* Utils.swift in Sources */ = {isa = PBXBuildFile; fileRef = 4650D1AD1AF034B600602E94 /* Utils.swift */; };
		4650D1B41AF034B600602E94 /* Utils.swift in Sources */ = {isa = PBXBuildFile; fileRef = 4650D1AD1AF034B600602E94 /* Utils.swift */; };
		4650D1B51AF034B600602E94 /* MeshUtils.swift in Sources */ = {isa = PBXBuildFile; fileRef = 4650D1AE1AF034B600602E94 /* MeshUtils.swift */; };
		4650D1B61AF034B600602E94 /* MeshUtils.swift in Sources */ = {isa = PBXBuildFile; fileRef = 4650D1AE1AF034B600602E94 /* MeshUtils.swift */; };
		4650D1B91AF0357500602E94 /* GameView.swift in Sources */ = {isa = PBXBuildFile; fileRef = 4650D1B71AF0357500602E94 /* GameView.swift */; };
		4650D1BA1AF0357500602E94 /* GameView.swift in Sources */ = {isa = PBXBuildFile; fileRef = 4650D1B71AF0357500602E94 /* GameView.swift */; };
		4650D1BB1AF0357500602E94 /* GameViewController.swift in Sources */ = {isa = PBXBuildFile; fileRef = 4650D1B81AF0357500602E94 /* GameViewController.swift */; };
		4650D1BC1AF0357500602E94 /* GameViewController.swift in Sources */ = {isa = PBXBuildFile; fileRef = 4650D1B81AF0357500602E94 /* GameViewController.swift */; };
		4685512D1AE9DF280002473E /* Center.swift in Sources */ = {isa = PBXBuildFile; fileRef = 4685512C1AE9DF280002473E /* Center.swift */; };
		4685512E1AE9DF280002473E /* Center.swift in Sources */ = {isa = PBXBuildFile; fileRef = 4685512C1AE9DF280002473E /* Center.swift */; };
		468551301AE9DF2E0002473E /* Biome.swift in Sources */ = {isa = PBXBuildFile; fileRef = 4685512F1AE9DF2E0002473E /* Biome.swift */; };
		468551311AE9DF2E0002473E /* Biome.swift in Sources */ = {isa = PBXBuildFile; fileRef = 4685512F1AE9DF2E0002473E /* Biome.swift */; };
		468551361AE9DFE90002473E /* Corner.swift in Sources */ = {isa = PBXBuildFile; fileRef = 468551351AE9DFE90002473E /* Corner.swift */; };
		468551371AE9DFE90002473E /* Corner.swift in Sources */ = {isa = PBXBuildFile; fileRef = 468551351AE9DFE90002473E /* Corner.swift */; };
		468551391AE9DFF20002473E /* Edge.swift in Sources */ = {isa = PBXBuildFile; fileRef = 468551381AE9DFF20002473E /* Edge.swift */; };
		4685513A1AE9DFF20002473E /* Edge.swift in Sources */ = {isa = PBXBuildFile; fileRef = 468551381AE9DFF20002473E /* Edge.swift */; };
		46A1BBDF1AE8B012004E3E9D /* PM_PRNG.swift in Sources */ = {isa = PBXBuildFile; fileRef = 46A1BBDE1AE8B012004E3E9D /* PM_PRNG.swift */; };
		46CB2A421AE97A4A00B29FF7 /* Delaunay.framework in Embed Frameworks */ = {isa = PBXBuildFile; fileRef = 46D73AE41AE979C900C92256 /* Delaunay.framework */; settings = {ATTRIBUTES = (CodeSignOnCopy, RemoveHeadersOnCopy, ); }; };
		46CB2A431AE97A5100B29FF7 /* DelaunayiOS.framework in Embed Frameworks */ = {isa = PBXBuildFile; fileRef = 46D73AE81AE979C900C92256 /* DelaunayiOS.framework */; settings = {ATTRIBUTES = (CodeSignOnCopy, RemoveHeadersOnCopy, ); }; };
		46D739E61AE96AF000C92256 /* ViewController.swift in Sources */ = {isa = PBXBuildFile; fileRef = 46D739E51AE96AF000C92256 /* ViewController.swift */; };
		46D739E91AE96C1800C92256 /* DelaunayView.swift in Sources */ = {isa = PBXBuildFile; fileRef = 46D739E81AE96C1800C92256 /* DelaunayView.swift */; };
		46D739F31AE971F700C92256 /* AppDelegate.swift in Sources */ = {isa = PBXBuildFile; fileRef = 46D739F21AE971F700C92256 /* AppDelegate.swift */; };
		46D739F51AE971F700C92256 /* ViewController.swift in Sources */ = {isa = PBXBuildFile; fileRef = 46D739F41AE971F700C92256 /* ViewController.swift */; };
		46D739F81AE971F800C92256 /* Main.storyboard in Resources */ = {isa = PBXBuildFile; fileRef = 46D739F61AE971F800C92256 /* Main.storyboard */; };
		46D739FA1AE971F800C92256 /* Images.xcassets in Resources */ = {isa = PBXBuildFile; fileRef = 46D739F91AE971F800C92256 /* Images.xcassets */; };
		46D739FD1AE971F800C92256 /* LaunchScreen.xib in Resources */ = {isa = PBXBuildFile; fileRef = 46D739FB1AE971F800C92256 /* LaunchScreen.xib */; };
		46D73A091AE971F800C92256 /* Map_Generator_iOSTests.swift in Sources */ = {isa = PBXBuildFile; fileRef = 46D73A081AE971F800C92256 /* Map_Generator_iOSTests.swift */; };
		46D73A111AE9721800C92256 /* DelaunayView.swift in Sources */ = {isa = PBXBuildFile; fileRef = 46D73A101AE9721800C92256 /* DelaunayView.swift */; };
		46D73A4F1AE9729B00C92256 /* PM_PRNG.swift in Sources */ = {isa = PBXBuildFile; fileRef = 46A1BBDE1AE8B012004E3E9D /* PM_PRNG.swift */; };
		46D73AED1AE979DA00C92256 /* DelaunayiOS.framework in Frameworks */ = {isa = PBXBuildFile; fileRef = 46D73AE81AE979C900C92256 /* DelaunayiOS.framework */; };
		46D73AF01AE979ED00C92256 /* Delaunay.framework in Frameworks */ = {isa = PBXBuildFile; fileRef = 46D73AE41AE979C900C92256 /* Delaunay.framework */; };
		46F5A6E51AE5FC200070D933 /* AppDelegate.swift in Sources */ = {isa = PBXBuildFile; fileRef = 46F5A6E41AE5FC200070D933 /* AppDelegate.swift */; };
		46F5A6F01AE5FC210070D933 /* MainMenu.xib in Resources */ = {isa = PBXBuildFile; fileRef = 46F5A6EE1AE5FC210070D933 /* MainMenu.xib */; };
		46F5A6FC1AE5FC210070D933 /* Map_GeneratorTests.swift in Sources */ = {isa = PBXBuildFile; fileRef = 46F5A6FB1AE5FC210070D933 /* Map_GeneratorTests.swift */; };
/* End PBXBuildFile section */

/* Begin PBXContainerItemProxy section */
		4650D1991AF033B900602E94 /* PBXContainerItemProxy */ = {
			isa = PBXContainerItemProxy;
			containerPortal = 4650D1941AF033B800602E94 /* QHull.xcodeproj */;
			proxyType = 2;
			remoteGlobalIDString = 4650D1301AF032CB00602E94;
			remoteInfo = QHull;
		};
		4650D19B1AF033B900602E94 /* PBXContainerItemProxy */ = {
			isa = PBXContainerItemProxy;
			containerPortal = 4650D1941AF033B800602E94 /* QHull.xcodeproj */;
			proxyType = 2;
			remoteGlobalIDString = 4650D13B1AF032CB00602E94;
			remoteInfo = QHullTests;
		};
		4650D19D1AF033C900602E94 /* PBXContainerItemProxy */ = {
			isa = PBXContainerItemProxy;
			containerPortal = 4650D1941AF033B800602E94 /* QHull.xcodeproj */;
			proxyType = 1;
			remoteGlobalIDString = 4650D12F1AF032CB00602E94;
			remoteInfo = QHull;
		};
		46D73A031AE971F800C92256 /* PBXContainerItemProxy */ = {
			isa = PBXContainerItemProxy;
			containerPortal = 46F5A6D71AE5FC200070D933 /* Project object */;
			proxyType = 1;
			remoteGlobalIDString = 46D739ED1AE971F700C92256;
			remoteInfo = "Map Generator iOS";
		};
		46D73AE31AE979C900C92256 /* PBXContainerItemProxy */ = {
			isa = PBXContainerItemProxy;
			containerPortal = 46D73ADC1AE979C900C92256 /* Delaunay.xcodeproj */;
			proxyType = 2;
			remoteGlobalIDString = 46D73A5A1AE977FF00C92256;
			remoteInfo = Delaunay;
		};
		46D73AE51AE979C900C92256 /* PBXContainerItemProxy */ = {
			isa = PBXContainerItemProxy;
			containerPortal = 46D73ADC1AE979C900C92256 /* Delaunay.xcodeproj */;
			proxyType = 2;
			remoteGlobalIDString = 46D73A651AE977FF00C92256;
			remoteInfo = DelaunayTests;
		};
		46D73AE71AE979C900C92256 /* PBXContainerItemProxy */ = {
			isa = PBXContainerItemProxy;
			containerPortal = 46D73ADC1AE979C900C92256 /* Delaunay.xcodeproj */;
			proxyType = 2;
			remoteGlobalIDString = 46D73AAB1AE9784D00C92256;
			remoteInfo = DelaunayiOS;
		};
		46D73AE91AE979C900C92256 /* PBXContainerItemProxy */ = {
			isa = PBXContainerItemProxy;
			containerPortal = 46D73ADC1AE979C900C92256 /* Delaunay.xcodeproj */;
			proxyType = 2;
			remoteGlobalIDString = 46D73AB51AE9784D00C92256;
			remoteInfo = DelaunayiOSTests;
		};
		46D73AEB1AE979D500C92256 /* PBXContainerItemProxy */ = {
			isa = PBXContainerItemProxy;
			containerPortal = 46D73ADC1AE979C900C92256 /* Delaunay.xcodeproj */;
			proxyType = 1;
			remoteGlobalIDString = 46D73AAA1AE9784D00C92256;
			remoteInfo = DelaunayiOS;
		};
		46D73AEE1AE979E900C92256 /* PBXContainerItemProxy */ = {
			isa = PBXContainerItemProxy;
			containerPortal = 46D73ADC1AE979C900C92256 /* Delaunay.xcodeproj */;
			proxyType = 1;
			remoteGlobalIDString = 46D73A591AE977FF00C92256;
			remoteInfo = Delaunay;
		};
		46F5A6F61AE5FC210070D933 /* PBXContainerItemProxy */ = {
			isa = PBXContainerItemProxy;
			containerPortal = 46F5A6D71AE5FC200070D933 /* Project object */;
			proxyType = 1;
			remoteGlobalIDString = 46F5A6DE1AE5FC200070D933;
			remoteInfo = "Map Generator";
		};
/* End PBXContainerItemProxy section */

/* Begin PBXCopyFilesBuildPhase section */
		46D73A331AE9725700C92256 /* Embed Frameworks */ = {
			isa = PBXCopyFilesBuildPhase;
			buildActionMask = 2147483647;
			dstPath = "";
			dstSubfolderSpec = 10;
			files = (
				4650D1A01AF033D100602E94 /* QHull.framework in Embed Frameworks */,
				46CB2A431AE97A5100B29FF7 /* DelaunayiOS.framework in Embed Frameworks */,
			);
			name = "Embed Frameworks";
			runOnlyForDeploymentPostprocessing = 0;
		};
		46F5A7261AE5FC4F0070D933 /* Embed Frameworks */ = {
			isa = PBXCopyFilesBuildPhase;
			buildActionMask = 2147483647;
			dstPath = "";
			dstSubfolderSpec = 10;
			files = (
				46CB2A421AE97A4A00B29FF7 /* Delaunay.framework in Embed Frameworks */,
			);
			name = "Embed Frameworks";
			runOnlyForDeploymentPostprocessing = 0;
		};
/* End PBXCopyFilesBuildPhase section */

/* Begin PBXFileReference section */
		4650D1621AF0331000602E94 /* Lava.swift */ = {isa = PBXFileReference; fileEncoding = 4; lastKnownFileType = sourcecode.swift; name = Lava.swift; path = Shared/Lava.swift; sourceTree = "<group>"; };
		4650D1651AF0331000602E94 /* Map.swift */ = {isa = PBXFileReference; fileEncoding = 4; lastKnownFileType = sourcecode.swift; name = Map.swift; path = Shared/Map.swift; sourceTree = "<group>"; };
		4650D1711AF0331000602E94 /* Watersheds.swift */ = {isa = PBXFileReference; fileEncoding = 4; lastKnownFileType = sourcecode.swift; name = Watersheds.swift; path = Shared/Watersheds.swift; sourceTree = "<group>"; };
		4650D1941AF033B800602E94 /* QHull.xcodeproj */ = {isa = PBXFileReference; lastKnownFileType = "wrapper.pb-project"; name = QHull.xcodeproj; path = ThirdParty/QHull/QHull.xcodeproj; sourceTree = "<group>"; };
		4650D1A51AF0348100602E94 /* Map Generator iOS-Bridging-Header.h */ = {isa = PBXFileReference; lastKnownFileType = sourcecode.c.h; path = "Map Generator iOS-Bridging-Header.h"; sourceTree = "<group>"; };
		4650D1A61AF0348200602E94 /* PerlinNoise.h */ = {isa = PBXFileReference; fileEncoding = 4; lastKnownFileType = sourcecode.c.h; name = PerlinNoise.h; path = Shared/PerlinNoise.h; sourceTree = "<group>"; };
		4650D1A71AF0348200602E94 /* PerlinNoise.m */ = {isa = PBXFileReference; fileEncoding = 4; lastKnownFileType = sourcecode.c.objc; name = PerlinNoise.m; path = Shared/PerlinNoise.m; sourceTree = "<group>"; };
		4650D1AB1AF034B600602E94 /* Vector3.swift */ = {isa = PBXFileReference; fileEncoding = 4; lastKnownFileType = sourcecode.swift; path = Vector3.swift; sourceTree = "<group>"; };
		4650D1AC1AF034B600602E94 /* Vertex.swift */ = {isa = PBXFileReference; fileEncoding = 4; lastKnownFileType = sourcecode.swift; path = Vertex.swift; sourceTree = "<group>"; };
		4650D1AD1AF034B600602E94 /* Utils.swift */ = {isa = PBXFileReference; fileEncoding = 4; lastKnownFileType = sourcecode.swift; path = Utils.swift; sourceTree = "<group>"; };
		4650D1AE1AF034B600602E94 /* MeshUtils.swift */ = {isa = PBXFileReference; fileEncoding = 4; lastKnownFileType = sourcecode.swift; path = MeshUtils.swift; sourceTree = "<group>"; };
		4650D1B71AF0357500602E94 /* GameView.swift */ = {isa = PBXFileReference; fileEncoding = 4; lastKnownFileType = sourcecode.swift; path = GameView.swift; sourceTree = "<group>"; };
		4650D1B81AF0357500602E94 /* GameViewController.swift */ = {isa = PBXFileReference; fileEncoding = 4; lastKnownFileType = sourcecode.swift; path = GameViewController.swift; sourceTree = "<group>"; };
		4685512C1AE9DF280002473E /* Center.swift */ = {isa = PBXFileReference; fileEncoding = 4; lastKnownFileType = sourcecode.swift; path = Center.swift; sourceTree = "<group>"; };
		4685512F1AE9DF2E0002473E /* Biome.swift */ = {isa = PBXFileReference; fileEncoding = 4; lastKnownFileType = sourcecode.swift; name = Biome.swift; path = Shared/Biome.swift; sourceTree = "<group>"; };
		468551351AE9DFE90002473E /* Corner.swift */ = {isa = PBXFileReference; fileEncoding = 4; lastKnownFileType = sourcecode.swift; path = Corner.swift; sourceTree = "<group>"; };
		468551381AE9DFF20002473E /* Edge.swift */ = {isa = PBXFileReference; fileEncoding = 4; lastKnownFileType = sourcecode.swift; path = Edge.swift; sourceTree = "<group>"; };
		46A1BBDE1AE8B012004E3E9D /* PM_PRNG.swift */ = {isa = PBXFileReference; fileEncoding = 4; lastKnownFileType = sourcecode.swift; name = PM_PRNG.swift; path = "Map Generator/PM_PRNG.swift"; sourceTree = "<group>"; };
		46D739E51AE96AF000C92256 /* ViewController.swift */ = {isa = PBXFileReference; fileEncoding = 4; lastKnownFileType = sourcecode.swift; path = ViewController.swift; sourceTree = "<group>"; };
		46D739E81AE96C1800C92256 /* DelaunayView.swift */ = {isa = PBXFileReference; fileEncoding = 4; lastKnownFileType = sourcecode.swift; path = DelaunayView.swift; sourceTree = "<group>"; };
		46D739EE1AE971F700C92256 /* Map Generator iOS.app */ = {isa = PBXFileReference; explicitFileType = wrapper.application; includeInIndex = 0; path = "Map Generator iOS.app"; sourceTree = BUILT_PRODUCTS_DIR; };
		46D739F11AE971F700C92256 /* Info.plist */ = {isa = PBXFileReference; lastKnownFileType = text.plist.xml; path = Info.plist; sourceTree = "<group>"; };
		46D739F21AE971F700C92256 /* AppDelegate.swift */ = {isa = PBXFileReference; lastKnownFileType = sourcecode.swift; path = AppDelegate.swift; sourceTree = "<group>"; };
		46D739F41AE971F700C92256 /* ViewController.swift */ = {isa = PBXFileReference; lastKnownFileType = sourcecode.swift; path = ViewController.swift; sourceTree = "<group>"; };
		46D739F71AE971F800C92256 /* Base */ = {isa = PBXFileReference; lastKnownFileType = file.storyboard; name = Base; path = Base.lproj/Main.storyboard; sourceTree = "<group>"; };
		46D739F91AE971F800C92256 /* Images.xcassets */ = {isa = PBXFileReference; lastKnownFileType = folder.assetcatalog; path = Images.xcassets; sourceTree = "<group>"; };
		46D739FC1AE971F800C92256 /* Base */ = {isa = PBXFileReference; lastKnownFileType = file.xib; name = Base; path = Base.lproj/LaunchScreen.xib; sourceTree = "<group>"; };
		46D73A021AE971F800C92256 /* Map Generator iOSTests.xctest */ = {isa = PBXFileReference; explicitFileType = wrapper.cfbundle; includeInIndex = 0; path = "Map Generator iOSTests.xctest"; sourceTree = BUILT_PRODUCTS_DIR; };
		46D73A071AE971F800C92256 /* Info.plist */ = {isa = PBXFileReference; lastKnownFileType = text.plist.xml; path = Info.plist; sourceTree = "<group>"; };
		46D73A081AE971F800C92256 /* Map_Generator_iOSTests.swift */ = {isa = PBXFileReference; lastKnownFileType = sourcecode.swift; path = Map_Generator_iOSTests.swift; sourceTree = "<group>"; };
		46D73A101AE9721800C92256 /* DelaunayView.swift */ = {isa = PBXFileReference; fileEncoding = 4; lastKnownFileType = sourcecode.swift; path = DelaunayView.swift; sourceTree = "<group>"; };
		46D73ADC1AE979C900C92256 /* Delaunay.xcodeproj */ = {isa = PBXFileReference; lastKnownFileType = "wrapper.pb-project"; name = Delaunay.xcodeproj; path = "ThirdParty/as3delaunay-Swift/Delaunay/Delaunay.xcodeproj"; sourceTree = SOURCE_ROOT; };
		46F5A6DF1AE5FC200070D933 /* Map Generator.app */ = {isa = PBXFileReference; explicitFileType = wrapper.application; includeInIndex = 0; path = "Map Generator.app"; sourceTree = BUILT_PRODUCTS_DIR; };
		46F5A6E31AE5FC200070D933 /* Info.plist */ = {isa = PBXFileReference; lastKnownFileType = text.plist.xml; path = Info.plist; sourceTree = "<group>"; };
		46F5A6E41AE5FC200070D933 /* AppDelegate.swift */ = {isa = PBXFileReference; lastKnownFileType = sourcecode.swift; path = AppDelegate.swift; sourceTree = "<group>"; };
		46F5A6EF1AE5FC210070D933 /* Base */ = {isa = PBXFileReference; lastKnownFileType = file.xib; name = Base; path = Base.lproj/MainMenu.xib; sourceTree = "<group>"; };
		46F5A6F51AE5FC210070D933 /* Map GeneratorTests.xctest */ = {isa = PBXFileReference; explicitFileType = wrapper.cfbundle; includeInIndex = 0; path = "Map GeneratorTests.xctest"; sourceTree = BUILT_PRODUCTS_DIR; };
		46F5A6FA1AE5FC210070D933 /* Info.plist */ = {isa = PBXFileReference; lastKnownFileType = text.plist.xml; path = Info.plist; sourceTree = "<group>"; };
		46F5A6FB1AE5FC210070D933 /* Map_GeneratorTests.swift */ = {isa = PBXFileReference; lastKnownFileType = sourcecode.swift; path = Map_GeneratorTests.swift; sourceTree = "<group>"; };
/* End PBXFileReference section */

/* Begin PBXFrameworksBuildPhase section */
		46D739EB1AE971F700C92256 /* Frameworks */ = {
			isa = PBXFrameworksBuildPhase;
			buildActionMask = 2147483647;
			files = (
				4650D19F1AF033CC00602E94 /* QHull.framework in Frameworks */,
				46D73AED1AE979DA00C92256 /* DelaunayiOS.framework in Frameworks */,
			);
			runOnlyForDeploymentPostprocessing = 0;
		};
		46D739FF1AE971F800C92256 /* Frameworks */ = {
			isa = PBXFrameworksBuildPhase;
			buildActionMask = 2147483647;
			files = (
			);
			runOnlyForDeploymentPostprocessing = 0;
		};
		46F5A6DC1AE5FC200070D933 /* Frameworks */ = {
			isa = PBXFrameworksBuildPhase;
			buildActionMask = 2147483647;
			files = (
				46D73AF01AE979ED00C92256 /* Delaunay.framework in Frameworks */,
			);
			runOnlyForDeploymentPostprocessing = 0;
		};
		46F5A6F21AE5FC210070D933 /* Frameworks */ = {
			isa = PBXFrameworksBuildPhase;
			buildActionMask = 2147483647;
			files = (
			);
			runOnlyForDeploymentPostprocessing = 0;
		};
/* End PBXFrameworksBuildPhase section */

/* Begin PBXGroup section */
		460A83F81AEF22CB000CAAD3 /* Map */ = {
			isa = PBXGroup;
			children = (
				4650D1A61AF0348200602E94 /* PerlinNoise.h */,
				4650D1A71AF0348200602E94 /* PerlinNoise.m */,
				4650D1621AF0331000602E94 /* Lava.swift */,
				4650D1651AF0331000602E94 /* Map.swift */,
				4650D1711AF0331000602E94 /* Watersheds.swift */,
				4650D1A51AF0348100602E94 /* Map Generator iOS-Bridging-Header.h */,
			);
			name = Map;
			sourceTree = "<group>";
		};
		4650D1181AF0324000602E94 /* tests */ = {
			isa = PBXGroup;
			children = (
				46F5A6F81AE5FC210070D933 /* Map GeneratorTests */,
				46D73A051AE971F800C92256 /* Map Generator iOSTests */,
			);
			name = tests;
			sourceTree = "<group>";
		};
		4650D1191AF0325000602E94 /* QHull */ = {
			isa = PBXGroup;
			children = (
				4650D1941AF033B800602E94 /* QHull.xcodeproj */,
			);
			name = QHull;
			sourceTree = "<group>";
		};
		4650D1951AF033B800602E94 /* Products */ = {
			isa = PBXGroup;
			children = (
				4650D19A1AF033B900602E94 /* QHull.framework */,
				4650D19C1AF033B900602E94 /* QHullTests.xctest */,
			);
			name = Products;
			sourceTree = "<group>";
		};
		4650D1AA1AF034A600602E94 /* Utils */ = {
			isa = PBXGroup;
			children = (
				4650D1AB1AF034B600602E94 /* Vector3.swift */,
				4650D1AC1AF034B600602E94 /* Vertex.swift */,
				4650D1AD1AF034B600602E94 /* Utils.swift */,
				4650D1AE1AF034B600602E94 /* MeshUtils.swift */,
			);
			name = Utils;
			sourceTree = "<group>";
		};
		4685511D1AE9DBE00002473E /* Graph */ = {
			isa = PBXGroup;
			children = (
				4685512C1AE9DF280002473E /* Center.swift */,
				468551351AE9DFE90002473E /* Corner.swift */,
				468551381AE9DFF20002473E /* Edge.swift */,
			);
			name = Graph;
			path = "Map Generator";
			sourceTree = "<group>";
		};
		468551221AE9DC6B0002473E /* Shared */ = {
			isa = PBXGroup;
			children = (
				46A1BBDE1AE8B012004E3E9D /* PM_PRNG.swift */,
				4650D1AA1AF034A600602E94 /* Utils */,
				4650D1191AF0325000602E94 /* QHull */,
				46D73ADC1AE979C900C92256 /* Delaunay.xcodeproj */,
				4685512F1AE9DF2E0002473E /* Biome.swift */,
				4685511D1AE9DBE00002473E /* Graph */,
				460A83F81AEF22CB000CAAD3 /* Map */,
			);
			name = Shared;
			sourceTree = "<group>";
		};
		46D739EF1AE971F700C92256 /* Map Generator iOS */ = {
			isa = PBXGroup;
			children = (
				46D739F21AE971F700C92256 /* AppDelegate.swift */,
				46D739F41AE971F700C92256 /* ViewController.swift */,
				46D73A101AE9721800C92256 /* DelaunayView.swift */,
				4650D1B71AF0357500602E94 /* GameView.swift */,
				4650D1B81AF0357500602E94 /* GameViewController.swift */,
				46D739F61AE971F800C92256 /* Main.storyboard */,
				46D739F91AE971F800C92256 /* Images.xcassets */,
				46D739FB1AE971F800C92256 /* LaunchScreen.xib */,
				46D739F01AE971F700C92256 /* Supporting Files */,
			);
			path = "Map Generator iOS";
			sourceTree = "<group>";
		};
		46D739F01AE971F700C92256 /* Supporting Files */ = {
			isa = PBXGroup;
			children = (
				46D739F11AE971F700C92256 /* Info.plist */,
			);
			name = "Supporting Files";
			sourceTree = "<group>";
		};
		46D73A051AE971F800C92256 /* Map Generator iOSTests */ = {
			isa = PBXGroup;
			children = (
				46D73A081AE971F800C92256 /* Map_Generator_iOSTests.swift */,
				46D73A061AE971F800C92256 /* Supporting Files */,
			);
			path = "Map Generator iOSTests";
			sourceTree = "<group>";
		};
		46D73A061AE971F800C92256 /* Supporting Files */ = {
			isa = PBXGroup;
			children = (
				46D73A071AE971F800C92256 /* Info.plist */,
			);
			name = "Supporting Files";
			sourceTree = "<group>";
		};
		46D73ADD1AE979C900C92256 /* Products */ = {
			isa = PBXGroup;
			children = (
				46D73AE41AE979C900C92256 /* Delaunay.framework */,
				46D73AE61AE979C900C92256 /* DelaunayTests.xctest */,
				46D73AE81AE979C900C92256 /* DelaunayiOS.framework */,
				46D73AEA1AE979C900C92256 /* DelaunayiOSTests.xctest */,
			);
			name = Products;
			sourceTree = "<group>";
		};
		46F5A6D61AE5FC200070D933 = {
			isa = PBXGroup;
			children = (
				468551221AE9DC6B0002473E /* Shared */,
				46F5A6E11AE5FC200070D933 /* Map Generator */,
				46D739EF1AE971F700C92256 /* Map Generator iOS */,
				4650D1181AF0324000602E94 /* tests */,
				46F5A6E01AE5FC200070D933 /* Products */,
			);
			sourceTree = "<group>";
		};
		46F5A6E01AE5FC200070D933 /* Products */ = {
			isa = PBXGroup;
			children = (
				46F5A6DF1AE5FC200070D933 /* Map Generator.app */,
				46F5A6F51AE5FC210070D933 /* Map GeneratorTests.xctest */,
				46D739EE1AE971F700C92256 /* Map Generator iOS.app */,
				46D73A021AE971F800C92256 /* Map Generator iOSTests.xctest */,
			);
			name = Products;
			sourceTree = "<group>";
		};
		46F5A6E11AE5FC200070D933 /* Map Generator */ = {
			isa = PBXGroup;
			children = (
				46F5A6E41AE5FC200070D933 /* AppDelegate.swift */,
				46D739E51AE96AF000C92256 /* ViewController.swift */,
				46D739E81AE96C1800C92256 /* DelaunayView.swift */,
				46F5A6EE1AE5FC210070D933 /* MainMenu.xib */,
				46F5A6E21AE5FC200070D933 /* Supporting Files */,
			);
			path = "Map Generator";
			sourceTree = "<group>";
		};
		46F5A6E21AE5FC200070D933 /* Supporting Files */ = {
			isa = PBXGroup;
			children = (
				46F5A6E31AE5FC200070D933 /* Info.plist */,
			);
			name = "Supporting Files";
			sourceTree = "<group>";
		};
		46F5A6F81AE5FC210070D933 /* Map GeneratorTests */ = {
			isa = PBXGroup;
			children = (
				46F5A6FB1AE5FC210070D933 /* Map_GeneratorTests.swift */,
				46F5A6F91AE5FC210070D933 /* Supporting Files */,
			);
			path = "Map GeneratorTests";
			sourceTree = "<group>";
		};
		46F5A6F91AE5FC210070D933 /* Supporting Files */ = {
			isa = PBXGroup;
			children = (
				46F5A6FA1AE5FC210070D933 /* Info.plist */,
			);
			name = "Supporting Files";
			sourceTree = "<group>";
		};
/* End PBXGroup section */

/* Begin PBXNativeTarget section */
		46D739ED1AE971F700C92256 /* Map Generator iOS */ = {
			isa = PBXNativeTarget;
			buildConfigurationList = 46D73A0A1AE971F800C92256 /* Build configuration list for PBXNativeTarget "Map Generator iOS" */;
			buildPhases = (
				46D739EA1AE971F700C92256 /* Sources */,
				46D739EB1AE971F700C92256 /* Frameworks */,
				46D739EC1AE971F700C92256 /* Resources */,
				46D73A331AE9725700C92256 /* Embed Frameworks */,
			);
			buildRules = (
			);
			dependencies = (
				4650D19E1AF033C900602E94 /* PBXTargetDependency */,
				46D73AEC1AE979D500C92256 /* PBXTargetDependency */,
			);
			name = "Map Generator iOS";
			productName = "Map Generator iOS";
			productReference = 46D739EE1AE971F700C92256 /* Map Generator iOS.app */;
			productType = "com.apple.product-type.application";
		};
		46D73A011AE971F800C92256 /* Map Generator iOSTests */ = {
			isa = PBXNativeTarget;
			buildConfigurationList = 46D73A0D1AE971F800C92256 /* Build configuration list for PBXNativeTarget "Map Generator iOSTests" */;
			buildPhases = (
				46D739FE1AE971F800C92256 /* Sources */,
				46D739FF1AE971F800C92256 /* Frameworks */,
				46D73A001AE971F800C92256 /* Resources */,
			);
			buildRules = (
			);
			dependencies = (
				46D73A041AE971F800C92256 /* PBXTargetDependency */,
			);
			name = "Map Generator iOSTests";
			productName = "Map Generator iOSTests";
			productReference = 46D73A021AE971F800C92256 /* Map Generator iOSTests.xctest */;
			productType = "com.apple.product-type.bundle.unit-test";
		};
		46F5A6DE1AE5FC200070D933 /* Map Generator */ = {
			isa = PBXNativeTarget;
			buildConfigurationList = 46F5A6FF1AE5FC210070D933 /* Build configuration list for PBXNativeTarget "Map Generator" */;
			buildPhases = (
				46F5A6DB1AE5FC200070D933 /* Sources */,
				46F5A6DC1AE5FC200070D933 /* Frameworks */,
				46F5A6DD1AE5FC200070D933 /* Resources */,
				46F5A7261AE5FC4F0070D933 /* Embed Frameworks */,
			);
			buildRules = (
			);
			dependencies = (
				46D73AEF1AE979E900C92256 /* PBXTargetDependency */,
			);
			name = "Map Generator";
			productName = "Map Generator";
			productReference = 46F5A6DF1AE5FC200070D933 /* Map Generator.app */;
			productType = "com.apple.product-type.application";
		};
		46F5A6F41AE5FC210070D933 /* Map GeneratorTests */ = {
			isa = PBXNativeTarget;
			buildConfigurationList = 46F5A7021AE5FC210070D933 /* Build configuration list for PBXNativeTarget "Map GeneratorTests" */;
			buildPhases = (
				46F5A6F11AE5FC210070D933 /* Sources */,
				46F5A6F21AE5FC210070D933 /* Frameworks */,
				46F5A6F31AE5FC210070D933 /* Resources */,
			);
			buildRules = (
			);
			dependencies = (
				46F5A6F71AE5FC210070D933 /* PBXTargetDependency */,
			);
			name = "Map GeneratorTests";
			productName = "Map GeneratorTests";
			productReference = 46F5A6F51AE5FC210070D933 /* Map GeneratorTests.xctest */;
			productType = "com.apple.product-type.bundle.unit-test";
		};
/* End PBXNativeTarget section */

/* Begin PBXProject section */
		46F5A6D71AE5FC200070D933 /* Project object */ = {
			isa = PBXProject;
			attributes = {
				LastUpgradeCheck = 0630;
				ORGANIZATIONNAME = "Carl Wieland";
				TargetAttributes = {
					46D739ED1AE971F700C92256 = {
						CreatedOnToolsVersion = 6.3.1;
						DevelopmentTeam = QV4QS82KBT;
					};
					46D73A011AE971F800C92256 = {
						CreatedOnToolsVersion = 6.3.1;
						TestTargetID = 46D739ED1AE971F700C92256;
					};
					46F5A6DE1AE5FC200070D933 = {
						CreatedOnToolsVersion = 6.3;
					};
					46F5A6F41AE5FC210070D933 = {
						CreatedOnToolsVersion = 6.3;
						TestTargetID = 46F5A6DE1AE5FC200070D933;
					};
				};
			};
			buildConfigurationList = 46F5A6DA1AE5FC200070D933 /* Build configuration list for PBXProject "Map Generator" */;
			compatibilityVersion = "Xcode 3.2";
			developmentRegion = English;
			hasScannedForEncodings = 0;
			knownRegions = (
				en,
				Base,
			);
			mainGroup = 46F5A6D61AE5FC200070D933;
			productRefGroup = 46F5A6E01AE5FC200070D933 /* Products */;
			projectDirPath = "";
			projectReferences = (
				{
					ProductGroup = 46D73ADD1AE979C900C92256 /* Products */;
					ProjectRef = 46D73ADC1AE979C900C92256 /* Delaunay.xcodeproj */;
				},
				{
					ProductGroup = 4650D1951AF033B800602E94 /* Products */;
					ProjectRef = 4650D1941AF033B800602E94 /* QHull.xcodeproj */;
				},
			);
			projectRoot = "";
			targets = (
				46F5A6DE1AE5FC200070D933 /* Map Generator */,
				46F5A6F41AE5FC210070D933 /* Map GeneratorTests */,
				46D739ED1AE971F700C92256 /* Map Generator iOS */,
				46D73A011AE971F800C92256 /* Map Generator iOSTests */,
			);
		};
/* End PBXProject section */

/* Begin PBXReferenceProxy section */
		4650D19A1AF033B900602E94 /* QHull.framework */ = {
			isa = PBXReferenceProxy;
			fileType = wrapper.framework;
			path = QHull.framework;
			remoteRef = 4650D1991AF033B900602E94 /* PBXContainerItemProxy */;
			sourceTree = BUILT_PRODUCTS_DIR;
		};
		4650D19C1AF033B900602E94 /* QHullTests.xctest */ = {
			isa = PBXReferenceProxy;
			fileType = wrapper.cfbundle;
			path = QHullTests.xctest;
			remoteRef = 4650D19B1AF033B900602E94 /* PBXContainerItemProxy */;
			sourceTree = BUILT_PRODUCTS_DIR;
		};
		46D73AE41AE979C900C92256 /* Delaunay.framework */ = {
			isa = PBXReferenceProxy;
			fileType = wrapper.framework;
			path = Delaunay.framework;
			remoteRef = 46D73AE31AE979C900C92256 /* PBXContainerItemProxy */;
			sourceTree = BUILT_PRODUCTS_DIR;
		};
		46D73AE61AE979C900C92256 /* DelaunayTests.xctest */ = {
			isa = PBXReferenceProxy;
			fileType = wrapper.cfbundle;
			path = DelaunayTests.xctest;
			remoteRef = 46D73AE51AE979C900C92256 /* PBXContainerItemProxy */;
			sourceTree = BUILT_PRODUCTS_DIR;
		};
		46D73AE81AE979C900C92256 /* DelaunayiOS.framework */ = {
			isa = PBXReferenceProxy;
			fileType = wrapper.framework;
			path = DelaunayiOS.framework;
			remoteRef = 46D73AE71AE979C900C92256 /* PBXContainerItemProxy */;
			sourceTree = BUILT_PRODUCTS_DIR;
		};
		46D73AEA1AE979C900C92256 /* DelaunayiOSTests.xctest */ = {
			isa = PBXReferenceProxy;
			fileType = wrapper.cfbundle;
			path = DelaunayiOSTests.xctest;
			remoteRef = 46D73AE91AE979C900C92256 /* PBXContainerItemProxy */;
			sourceTree = BUILT_PRODUCTS_DIR;
		};
/* End PBXReferenceProxy section */

/* Begin PBXResourcesBuildPhase section */
		46D739EC1AE971F700C92256 /* Resources */ = {
			isa = PBXResourcesBuildPhase;
			buildActionMask = 2147483647;
			files = (
				46D739F81AE971F800C92256 /* Main.storyboard in Resources */,
				46D739FD1AE971F800C92256 /* LaunchScreen.xib in Resources */,
				46D739FA1AE971F800C92256 /* Images.xcassets in Resources */,
			);
			runOnlyForDeploymentPostprocessing = 0;
		};
		46D73A001AE971F800C92256 /* Resources */ = {
			isa = PBXResourcesBuildPhase;
			buildActionMask = 2147483647;
			files = (
			);
			runOnlyForDeploymentPostprocessing = 0;
		};
		46F5A6DD1AE5FC200070D933 /* Resources */ = {
			isa = PBXResourcesBuildPhase;
			buildActionMask = 2147483647;
			files = (
				46F5A6F01AE5FC210070D933 /* MainMenu.xib in Resources */,
			);
			runOnlyForDeploymentPostprocessing = 0;
		};
		46F5A6F31AE5FC210070D933 /* Resources */ = {
			isa = PBXResourcesBuildPhase;
			buildActionMask = 2147483647;
			files = (
			);
			runOnlyForDeploymentPostprocessing = 0;
		};
/* End PBXResourcesBuildPhase section */

/* Begin PBXSourcesBuildPhase section */
		46D739EA1AE971F700C92256 /* Sources */ = {
			isa = PBXSourcesBuildPhase;
			buildActionMask = 2147483647;
			files = (
				4650D1A91AF0348200602E94 /* PerlinNoise.m in Sources */,
				468551371AE9DFE90002473E /* Corner.swift in Sources */,
				468551311AE9DF2E0002473E /* Biome.swift in Sources */,
				4685512E1AE9DF280002473E /* Center.swift in Sources */,
				4650D1BC1AF0357500602E94 /* GameViewController.swift in Sources */,
				46D73A111AE9721800C92256 /* DelaunayView.swift in Sources */,
				4650D1BA1AF0357500602E94 /* GameView.swift in Sources */,
				4650D1B41AF034B600602E94 /* Utils.swift in Sources */,
				4650D1B21AF034B600602E94 /* Vertex.swift in Sources */,
				4650D17B1AF0331000602E94 /* Lava.swift in Sources */,
				4650D1B61AF034B600602E94 /* MeshUtils.swift in Sources */,
				46D739F51AE971F700C92256 /* ViewController.swift in Sources */,
				4650D17D1AF0331000602E94 /* Map.swift in Sources */,
				4650D1931AF0331000602E94 /* Watersheds.swift in Sources */,
				46D739F31AE971F700C92256 /* AppDelegate.swift in Sources */,
				46D73A4F1AE9729B00C92256 /* PM_PRNG.swift in Sources */,
				4650D1B01AF034B600602E94 /* Vector3.swift in Sources */,
				4685513A1AE9DFF20002473E /* Edge.swift in Sources */,
			);
			runOnlyForDeploymentPostprocessing = 0;
		};
		46D739FE1AE971F800C92256 /* Sources */ = {
			isa = PBXSourcesBuildPhase;
			buildActionMask = 2147483647;
			files = (
				46D73A091AE971F800C92256 /* Map_Generator_iOSTests.swift in Sources */,
			);
			runOnlyForDeploymentPostprocessing = 0;
		};
		46F5A6DB1AE5FC200070D933 /* Sources */ = {
			isa = PBXSourcesBuildPhase;
			buildActionMask = 2147483647;
			files = (
				4650D1A81AF0348200602E94 /* PerlinNoise.m in Sources */,
				468551361AE9DFE90002473E /* Corner.swift in Sources */,
				468551301AE9DF2E0002473E /* Biome.swift in Sources */,
				4685512D1AE9DF280002473E /* Center.swift in Sources */,
				4650D1BB1AF0357500602E94 /* GameViewController.swift in Sources */,
				46D739E61AE96AF000C92256 /* ViewController.swift in Sources */,
				4650D1B91AF0357500602E94 /* GameView.swift in Sources */,
				4650D1B31AF034B600602E94 /* Utils.swift in Sources */,
				4650D1B11AF034B600602E94 /* Vertex.swift in Sources */,
				4650D1921AF0331000602E94 /* Watersheds.swift in Sources */,
				4650D1B51AF034B600602E94 /* MeshUtils.swift in Sources */,
				46F5A6E51AE5FC200070D933 /* AppDelegate.swift in Sources */,
				46A1BBDF1AE8B012004E3E9D /* PM_PRNG.swift in Sources */,
				4650D17C1AF0331000602E94 /* Map.swift in Sources */,
				4650D17A1AF0331000602E94 /* Lava.swift in Sources */,
				46D739E91AE96C1800C92256 /* DelaunayView.swift in Sources */,
				4650D1AF1AF034B600602E94 /* Vector3.swift in Sources */,
				468551391AE9DFF20002473E /* Edge.swift in Sources */,
			);
			runOnlyForDeploymentPostprocessing = 0;
		};
		46F5A6F11AE5FC210070D933 /* Sources */ = {
			isa = PBXSourcesBuildPhase;
			buildActionMask = 2147483647;
			files = (
				46F5A6FC1AE5FC210070D933 /* Map_GeneratorTests.swift in Sources */,
			);
			runOnlyForDeploymentPostprocessing = 0;
		};
/* End PBXSourcesBuildPhase section */

/* Begin PBXTargetDependency section */
		4650D19E1AF033C900602E94 /* PBXTargetDependency */ = {
			isa = PBXTargetDependency;
			name = QHull;
			targetProxy = 4650D19D1AF033C900602E94 /* PBXContainerItemProxy */;
		};
		46D73A041AE971F800C92256 /* PBXTargetDependency */ = {
			isa = PBXTargetDependency;
			target = 46D739ED1AE971F700C92256 /* Map Generator iOS */;
			targetProxy = 46D73A031AE971F800C92256 /* PBXContainerItemProxy */;
		};
		46D73AEC1AE979D500C92256 /* PBXTargetDependency */ = {
			isa = PBXTargetDependency;
			name = DelaunayiOS;
			targetProxy = 46D73AEB1AE979D500C92256 /* PBXContainerItemProxy */;
		};
		46D73AEF1AE979E900C92256 /* PBXTargetDependency */ = {
			isa = PBXTargetDependency;
			name = Delaunay;
			targetProxy = 46D73AEE1AE979E900C92256 /* PBXContainerItemProxy */;
		};
		46F5A6F71AE5FC210070D933 /* PBXTargetDependency */ = {
			isa = PBXTargetDependency;
			target = 46F5A6DE1AE5FC200070D933 /* Map Generator */;
			targetProxy = 46F5A6F61AE5FC210070D933 /* PBXContainerItemProxy */;
		};
/* End PBXTargetDependency section */

/* Begin PBXVariantGroup section */
		46D739F61AE971F800C92256 /* Main.storyboard */ = {
			isa = PBXVariantGroup;
			children = (
				46D739F71AE971F800C92256 /* Base */,
			);
			name = Main.storyboard;
			sourceTree = "<group>";
		};
		46D739FB1AE971F800C92256 /* LaunchScreen.xib */ = {
			isa = PBXVariantGroup;
			children = (
				46D739FC1AE971F800C92256 /* Base */,
			);
			name = LaunchScreen.xib;
			sourceTree = "<group>";
		};
		46F5A6EE1AE5FC210070D933 /* MainMenu.xib */ = {
			isa = PBXVariantGroup;
			children = (
				46F5A6EF1AE5FC210070D933 /* Base */,
			);
			name = MainMenu.xib;
			sourceTree = "<group>";
		};
/* End PBXVariantGroup section */

/* Begin XCBuildConfiguration section */
		46D73A0B1AE971F800C92256 /* Debug */ = {
			isa = XCBuildConfiguration;
			buildSettings = {
				ASSETCATALOG_COMPILER_APPICON_NAME = AppIcon;
				CLANG_ENABLE_MODULES = YES;
				CODE_SIGN_IDENTITY = "iPhone Developer";
				"CODE_SIGN_IDENTITY[sdk=iphoneos*]" = "iPhone Developer";
				DEBUG_INFORMATION_FORMAT = "dwarf-with-dsym";
				GCC_PREPROCESSOR_DEFINITIONS = (
					"DEBUG=1",
					"$(inherited)",
				);
				INFOPLIST_FILE = "Map Generator iOS/Info.plist";
				IPHONEOS_DEPLOYMENT_TARGET = 8.3;
				LD_RUNPATH_SEARCH_PATHS = "$(inherited) @executable_path/Frameworks";
				PRODUCT_NAME = "$(TARGET_NAME)";
				SDKROOT = iphoneos;
				SWIFT_OBJC_BRIDGING_HEADER = "Map Generator iOS-Bridging-Header.h";
				SWIFT_OPTIMIZATION_LEVEL = "-Onone";
				TARGETED_DEVICE_FAMILY = "1,2";
			};
			name = Debug;
		};
		46D73A0C1AE971F800C92256 /* Release */ = {
			isa = XCBuildConfiguration;
			buildSettings = {
				ASSETCATALOG_COMPILER_APPICON_NAME = AppIcon;
				CLANG_ENABLE_MODULES = YES;
				CODE_SIGN_IDENTITY = "iPhone Developer";
				"CODE_SIGN_IDENTITY[sdk=iphoneos*]" = "iPhone Developer";
				INFOPLIST_FILE = "Map Generator iOS/Info.plist";
				IPHONEOS_DEPLOYMENT_TARGET = 8.3;
				LD_RUNPATH_SEARCH_PATHS = "$(inherited) @executable_path/Frameworks";
				PRODUCT_NAME = "$(TARGET_NAME)";
				SDKROOT = iphoneos;
				SWIFT_OBJC_BRIDGING_HEADER = "Map Generator iOS-Bridging-Header.h";
				TARGETED_DEVICE_FAMILY = "1,2";
				VALIDATE_PRODUCT = YES;
			};
			name = Release;
		};
		46D73A0E1AE971F800C92256 /* Debug */ = {
			isa = XCBuildConfiguration;
			buildSettings = {
				BUNDLE_LOADER = "$(TEST_HOST)";
				CODE_SIGN_IDENTITY = "iPhone Developer";
				DEBUG_INFORMATION_FORMAT = "dwarf-with-dsym";
				FRAMEWORK_SEARCH_PATHS = (
					"$(SDKROOT)/Developer/Library/Frameworks",
					"$(inherited)",
				);
				GCC_PREPROCESSOR_DEFINITIONS = (
					"DEBUG=1",
					"$(inherited)",
				);
				INFOPLIST_FILE = "Map Generator iOSTests/Info.plist";
				IPHONEOS_DEPLOYMENT_TARGET = 8.3;
				LD_RUNPATH_SEARCH_PATHS = "$(inherited) @executable_path/Frameworks @loader_path/Frameworks";
				PRODUCT_NAME = "$(TARGET_NAME)";
				SDKROOT = iphoneos;
				TEST_HOST = "$(BUILT_PRODUCTS_DIR)/Map Generator iOS.app/Map Generator iOS";
			};
			name = Debug;
		};
		46D73A0F1AE971F800C92256 /* Release */ = {
			isa = XCBuildConfiguration;
			buildSettings = {
				BUNDLE_LOADER = "$(TEST_HOST)";
				CODE_SIGN_IDENTITY = "iPhone Developer";
				FRAMEWORK_SEARCH_PATHS = (
					"$(SDKROOT)/Developer/Library/Frameworks",
					"$(inherited)",
				);
				INFOPLIST_FILE = "Map Generator iOSTests/Info.plist";
				IPHONEOS_DEPLOYMENT_TARGET = 8.3;
				LD_RUNPATH_SEARCH_PATHS = "$(inherited) @executable_path/Frameworks @loader_path/Frameworks";
				PRODUCT_NAME = "$(TARGET_NAME)";
				SDKROOT = iphoneos;
				TEST_HOST = "$(BUILT_PRODUCTS_DIR)/Map Generator iOS.app/Map Generator iOS";
				VALIDATE_PRODUCT = YES;
			};
			name = Release;
		};
		46F5A6FD1AE5FC210070D933 /* Debug */ = {
			isa = XCBuildConfiguration;
			buildSettings = {
				ALWAYS_SEARCH_USER_PATHS = NO;
				CLANG_CXX_LANGUAGE_STANDARD = "gnu++0x";
				CLANG_CXX_LIBRARY = "libc++";
				CLANG_ENABLE_MODULES = YES;
				CLANG_ENABLE_OBJC_ARC = YES;
				CLANG_WARN_BOOL_CONVERSION = YES;
				CLANG_WARN_CONSTANT_CONVERSION = YES;
				CLANG_WARN_DIRECT_OBJC_ISA_USAGE = YES_ERROR;
				CLANG_WARN_EMPTY_BODY = YES;
				CLANG_WARN_ENUM_CONVERSION = YES;
				CLANG_WARN_INT_CONVERSION = YES;
				CLANG_WARN_OBJC_ROOT_CLASS = YES_ERROR;
				CLANG_WARN_UNREACHABLE_CODE = YES;
				CLANG_WARN__DUPLICATE_METHOD_MATCH = YES;
				CODE_SIGN_IDENTITY = "-";
				COPY_PHASE_STRIP = NO;
				DEBUG_INFORMATION_FORMAT = dwarf;
				ENABLE_STRICT_OBJC_MSGSEND = YES;
				GCC_C_LANGUAGE_STANDARD = gnu99;
				GCC_DYNAMIC_NO_PIC = NO;
				GCC_NO_COMMON_BLOCKS = YES;
				GCC_OPTIMIZATION_LEVEL = 0;
				GCC_PREPROCESSOR_DEFINITIONS = (
					"DEBUG=1",
					"$(inherited)",
				);
				GCC_SYMBOLS_PRIVATE_EXTERN = NO;
				GCC_WARN_64_TO_32_BIT_CONVERSION = YES;
				GCC_WARN_ABOUT_RETURN_TYPE = YES_ERROR;
				GCC_WARN_UNDECLARED_SELECTOR = YES;
				GCC_WARN_UNINITIALIZED_AUTOS = YES_AGGRESSIVE;
				GCC_WARN_UNUSED_FUNCTION = YES;
				GCC_WARN_UNUSED_VARIABLE = YES;
				MACOSX_DEPLOYMENT_TARGET = 10.10;
				MTL_ENABLE_DEBUG_INFO = YES;
				ONLY_ACTIVE_ARCH = YES;
				SDKROOT = macosx;
				SWIFT_OPTIMIZATION_LEVEL = "-Onone";
			};
			name = Debug;
		};
		46F5A6FE1AE5FC210070D933 /* Release */ = {
			isa = XCBuildConfiguration;
			buildSettings = {
				ALWAYS_SEARCH_USER_PATHS = NO;
				CLANG_CXX_LANGUAGE_STANDARD = "gnu++0x";
				CLANG_CXX_LIBRARY = "libc++";
				CLANG_ENABLE_MODULES = YES;
				CLANG_ENABLE_OBJC_ARC = YES;
				CLANG_WARN_BOOL_CONVERSION = YES;
				CLANG_WARN_CONSTANT_CONVERSION = YES;
				CLANG_WARN_DIRECT_OBJC_ISA_USAGE = YES_ERROR;
				CLANG_WARN_EMPTY_BODY = YES;
				CLANG_WARN_ENUM_CONVERSION = YES;
				CLANG_WARN_INT_CONVERSION = YES;
				CLANG_WARN_OBJC_ROOT_CLASS = YES_ERROR;
				CLANG_WARN_UNREACHABLE_CODE = YES;
				CLANG_WARN__DUPLICATE_METHOD_MATCH = YES;
				CODE_SIGN_IDENTITY = "-";
				COPY_PHASE_STRIP = NO;
				DEBUG_INFORMATION_FORMAT = "dwarf-with-dsym";
				ENABLE_NS_ASSERTIONS = NO;
				ENABLE_STRICT_OBJC_MSGSEND = YES;
				GCC_C_LANGUAGE_STANDARD = gnu99;
				GCC_NO_COMMON_BLOCKS = YES;
				GCC_WARN_64_TO_32_BIT_CONVERSION = YES;
				GCC_WARN_ABOUT_RETURN_TYPE = YES_ERROR;
				GCC_WARN_UNDECLARED_SELECTOR = YES;
				GCC_WARN_UNINITIALIZED_AUTOS = YES_AGGRESSIVE;
				GCC_WARN_UNUSED_FUNCTION = YES;
				GCC_WARN_UNUSED_VARIABLE = YES;
				MACOSX_DEPLOYMENT_TARGET = 10.10;
				MTL_ENABLE_DEBUG_INFO = NO;
				SDKROOT = macosx;
			};
			name = Release;
		};
		46F5A7001AE5FC210070D933 /* Debug */ = {
			isa = XCBuildConfiguration;
			buildSettings = {
				ASSETCATALOG_COMPILER_APPICON_NAME = AppIcon;
				CLANG_ENABLE_MODULES = YES;
				COMBINE_HIDPI_IMAGES = YES;
				INFOPLIST_FILE = "Map Generator/Info.plist";
				LD_RUNPATH_SEARCH_PATHS = "$(inherited) @executable_path/../Frameworks";
				PRODUCT_NAME = "$(TARGET_NAME)";
				SWIFT_OBJC_BRIDGING_HEADER = "Map Generator-Bridging-Header.h";
				SWIFT_OPTIMIZATION_LEVEL = "-Onone";
			};
			name = Debug;
		};
		46F5A7011AE5FC210070D933 /* Release */ = {
			isa = XCBuildConfiguration;
			buildSettings = {
				ASSETCATALOG_COMPILER_APPICON_NAME = AppIcon;
				CLANG_ENABLE_MODULES = YES;
				COMBINE_HIDPI_IMAGES = YES;
				INFOPLIST_FILE = "Map Generator/Info.plist";
				LD_RUNPATH_SEARCH_PATHS = "$(inherited) @executable_path/../Frameworks";
				PRODUCT_NAME = "$(TARGET_NAME)";
				SWIFT_OBJC_BRIDGING_HEADER = "Map Generator-Bridging-Header.h";
			};
			name = Release;
		};
		46F5A7031AE5FC210070D933 /* Debug */ = {
			isa = XCBuildConfiguration;
			buildSettings = {
				BUNDLE_LOADER = "$(TEST_HOST)";
				COMBINE_HIDPI_IMAGES = YES;
				FRAMEWORK_SEARCH_PATHS = (
					"$(DEVELOPER_FRAMEWORKS_DIR)",
					"$(inherited)",
				);
				GCC_PREPROCESSOR_DEFINITIONS = (
					"DEBUG=1",
					"$(inherited)",
				);
				INFOPLIST_FILE = "Map GeneratorTests/Info.plist";
				LD_RUNPATH_SEARCH_PATHS = "$(inherited) @executable_path/../Frameworks @loader_path/../Frameworks";
				PRODUCT_NAME = "$(TARGET_NAME)";
				TEST_HOST = "$(BUILT_PRODUCTS_DIR)/Map Generator.app/Contents/MacOS/Map Generator";
			};
			name = Debug;
		};
		46F5A7041AE5FC210070D933 /* Release */ = {
			isa = XCBuildConfiguration;
			buildSettings = {
				BUNDLE_LOADER = "$(TEST_HOST)";
				COMBINE_HIDPI_IMAGES = YES;
				FRAMEWORK_SEARCH_PATHS = (
					"$(DEVELOPER_FRAMEWORKS_DIR)",
					"$(inherited)",
				);
				INFOPLIST_FILE = "Map GeneratorTests/Info.plist";
				LD_RUNPATH_SEARCH_PATHS = "$(inherited) @executable_path/../Frameworks @loader_path/../Frameworks";
				PRODUCT_NAME = "$(TARGET_NAME)";
				TEST_HOST = "$(BUILT_PRODUCTS_DIR)/Map Generator.app/Contents/MacOS/Map Generator";
			};
			name = Release;
		};
/* End XCBuildConfiguration section */

/* Begin XCConfigurationList section */
		46D73A0A1AE971F800C92256 /* Build configuration list for PBXNativeTarget "Map Generator iOS" */ = {
			isa = XCConfigurationList;
			buildConfigurations = (
				46D73A0B1AE971F800C92256 /* Debug */,
				46D73A0C1AE971F800C92256 /* Release */,
			);
			defaultConfigurationIsVisible = 0;
			defaultConfigurationName = Release;
		};
		46D73A0D1AE971F800C92256 /* Build configuration list for PBXNativeTarget "Map Generator iOSTests" */ = {
			isa = XCConfigurationList;
			buildConfigurations = (
				46D73A0E1AE971F800C92256 /* Debug */,
				46D73A0F1AE971F800C92256 /* Release */,
			);
			defaultConfigurationIsVisible = 0;
			defaultConfigurationName = Release;
		};
		46F5A6DA1AE5FC200070D933 /* Build configuration list for PBXProject "Map Generator" */ = {
			isa = XCConfigurationList;
			buildConfigurations = (
				46F5A6FD1AE5FC210070D933 /* Debug */,
				46F5A6FE1AE5FC210070D933 /* Release */,
			);
			defaultConfigurationIsVisible = 0;
			defaultConfigurationName = Release;
		};
		46F5A6FF1AE5FC210070D933 /* Build configuration list for PBXNativeTarget "Map Generator" */ = {
			isa = XCConfigurationList;
			buildConfigurations = (
				46F5A7001AE5FC210070D933 /* Debug */,
				46F5A7011AE5FC210070D933 /* Release */,
			);
			defaultConfigurationIsVisible = 0;
			defaultConfigurationName = Release;
		};
		46F5A7021AE5FC210070D933 /* Build configuration list for PBXNativeTarget "Map GeneratorTests" */ = {
			isa = XCConfigurationList;
			buildConfigurations = (
				46F5A7031AE5FC210070D933 /* Debug */,
				46F5A7041AE5FC210070D933 /* Release */,
			);
			defaultConfigurationIsVisible = 0;
			defaultConfigurationName = Release;
		};
/* End XCConfigurationList section */
	};
	rootObject = 46F5A6D71AE5FC200070D933 /* Project object */;
}
